// !$*UTF8*$!
{
	archiveVersion = 1;
	classes = {
	};
	objectVersion = 50;
	objects = {

/* Begin PBXBuildFile section */
		070C37D82697160D00AD9BE9 /* CrummyMapApp.swift in Sources */ = {isa = PBXBuildFile; fileRef = 070C37D72697160D00AD9BE9 /* CrummyMapApp.swift */; };
		070C37DA2697160D00AD9BE9 /* PlacesListView.swift in Sources */ = {isa = PBXBuildFile; fileRef = 070C37D92697160D00AD9BE9 /* PlacesListView.swift */; };
		070C37DC2697160D00AD9BE9 /* Assets.xcassets in Resources */ = {isa = PBXBuildFile; fileRef = 070C37DB2697160D00AD9BE9 /* Assets.xcassets */; };
		070C37DF2697160D00AD9BE9 /* Preview Assets.xcassets in Resources */ = {isa = PBXBuildFile; fileRef = 070C37DE2697160D00AD9BE9 /* Preview Assets.xcassets */; };
		070C37EA2697160E00AD9BE9 /* CrummyMapTests.swift in Sources */ = {isa = PBXBuildFile; fileRef = 070C37E92697160E00AD9BE9 /* CrummyMapTests.swift */; };
		070C37F52697160E00AD9BE9 /* CrummyMapUITests.swift in Sources */ = {isa = PBXBuildFile; fileRef = 070C37F42697160E00AD9BE9 /* CrummyMapUITests.swift */; };
		070C381A26971BE000AD9BE9 /* PlaceDetailView.swift in Sources */ = {isa = PBXBuildFile; fileRef = 070C381926971BE000AD9BE9 /* PlaceDetailView.swift */; };
		070C38252697230600AD9BE9 /* APIClient.swift in Sources */ = {isa = PBXBuildFile; fileRef = 070C38242697230600AD9BE9 /* APIClient.swift */; };
		070C382E2697232300AD9BE9 /* APIClientProtocol.swift in Sources */ = {isa = PBXBuildFile; fileRef = 070C382D2697232300AD9BE9 /* APIClientProtocol.swift */; };
		070C38362697234000AD9BE9 /* APIResponse.swift in Sources */ = {isa = PBXBuildFile; fileRef = 070C38352697234000AD9BE9 /* APIResponse.swift */; };
		070C383B2697234B00AD9BE9 /* APIError.swift in Sources */ = {isa = PBXBuildFile; fileRef = 070C383A2697234B00AD9BE9 /* APIError.swift */; };
		070C3840269723D400AD9BE9 /* APIDecoder.swift in Sources */ = {isa = PBXBuildFile; fileRef = 070C383F269723D400AD9BE9 /* APIDecoder.swift */; };
		070C38462697243400AD9BE9 /* Place.swift in Sources */ = {isa = PBXBuildFile; fileRef = 070C38452697243400AD9BE9 /* Place.swift */; };
		070C384B2697246D00AD9BE9 /* Localizable.strings in Resources */ = {isa = PBXBuildFile; fileRef = 070C384A2697246D00AD9BE9 /* Localizable.strings */; };
		070C38512697249900AD9BE9 /* String+Extensions.swift in Sources */ = {isa = PBXBuildFile; fileRef = 070C38502697249900AD9BE9 /* String+Extensions.swift */; };
		070C385A269725E900AD9BE9 /* PlacesListViewModel.swift in Sources */ = {isa = PBXBuildFile; fileRef = 070C3859269725E900AD9BE9 /* PlacesListViewModel.swift */; };
		070C386326972C4B00AD9BE9 /* SearchBar.swift in Sources */ = {isa = PBXBuildFile; fileRef = 070C386226972C4B00AD9BE9 /* SearchBar.swift */; };
		070C386B26972CE000AD9BE9 /* UIApplication+Extensions.swift in Sources */ = {isa = PBXBuildFile; fileRef = 070C386A26972CE000AD9BE9 /* UIApplication+Extensions.swift */; };
		070C387026972CF600AD9BE9 /* Image+Extensions.swift in Sources */ = {isa = PBXBuildFile; fileRef = 070C386F26972CF600AD9BE9 /* Image+Extensions.swift */; };
		070C387B26973A7200AD9BE9 /* MKCoordinateRegion+Extensions.swift in Sources */ = {isa = PBXBuildFile; fileRef = 070C387A26973A7200AD9BE9 /* MKCoordinateRegion+Extensions.swift */; };
		070C3883269740B400AD9BE9 /* CLLocationCoordinate2D+Extensions.swift in Sources */ = {isa = PBXBuildFile; fileRef = 070C3882269740B400AD9BE9 /* CLLocationCoordinate2D+Extensions.swift */; };
		07B7919D2697602100CCEA3D /* TextFieldObserver.swift in Sources */ = {isa = PBXBuildFile; fileRef = 07B7919C2697602100CCEA3D /* TextFieldObserver.swift */; };
/* End PBXBuildFile section */

/* Begin PBXContainerItemProxy section */
		070C37E62697160E00AD9BE9 /* PBXContainerItemProxy */ = {
			isa = PBXContainerItemProxy;
			containerPortal = 070C37CC2697160D00AD9BE9 /* Project object */;
			proxyType = 1;
			remoteGlobalIDString = 070C37D32697160D00AD9BE9;
			remoteInfo = CrummyMap;
		};
		070C37F12697160E00AD9BE9 /* PBXContainerItemProxy */ = {
			isa = PBXContainerItemProxy;
			containerPortal = 070C37CC2697160D00AD9BE9 /* Project object */;
			proxyType = 1;
			remoteGlobalIDString = 070C37D32697160D00AD9BE9;
			remoteInfo = CrummyMap;
		};
/* End PBXContainerItemProxy section */

/* Begin PBXFileReference section */
		070C37D42697160D00AD9BE9 /* CrummyMap.app */ = {isa = PBXFileReference; explicitFileType = wrapper.application; includeInIndex = 0; path = CrummyMap.app; sourceTree = BUILT_PRODUCTS_DIR; };
		070C37D72697160D00AD9BE9 /* CrummyMapApp.swift */ = {isa = PBXFileReference; lastKnownFileType = sourcecode.swift; path = CrummyMapApp.swift; sourceTree = "<group>"; };
		070C37D92697160D00AD9BE9 /* PlacesListView.swift */ = {isa = PBXFileReference; lastKnownFileType = sourcecode.swift; path = PlacesListView.swift; sourceTree = "<group>"; };
		070C37DB2697160D00AD9BE9 /* Assets.xcassets */ = {isa = PBXFileReference; lastKnownFileType = folder.assetcatalog; path = Assets.xcassets; sourceTree = "<group>"; };
		070C37DE2697160D00AD9BE9 /* Preview Assets.xcassets */ = {isa = PBXFileReference; lastKnownFileType = folder.assetcatalog; path = "Preview Assets.xcassets"; sourceTree = "<group>"; };
		070C37E02697160D00AD9BE9 /* Info.plist */ = {isa = PBXFileReference; lastKnownFileType = text.plist.xml; path = Info.plist; sourceTree = "<group>"; };
		070C37E52697160E00AD9BE9 /* CrummyMapTests.xctest */ = {isa = PBXFileReference; explicitFileType = wrapper.cfbundle; includeInIndex = 0; path = CrummyMapTests.xctest; sourceTree = BUILT_PRODUCTS_DIR; };
		070C37E92697160E00AD9BE9 /* CrummyMapTests.swift */ = {isa = PBXFileReference; lastKnownFileType = sourcecode.swift; path = CrummyMapTests.swift; sourceTree = "<group>"; };
		070C37EB2697160E00AD9BE9 /* Info.plist */ = {isa = PBXFileReference; lastKnownFileType = text.plist.xml; path = Info.plist; sourceTree = "<group>"; };
		070C37F02697160E00AD9BE9 /* CrummyMapUITests.xctest */ = {isa = PBXFileReference; explicitFileType = wrapper.cfbundle; includeInIndex = 0; path = CrummyMapUITests.xctest; sourceTree = BUILT_PRODUCTS_DIR; };
		070C37F42697160E00AD9BE9 /* CrummyMapUITests.swift */ = {isa = PBXFileReference; lastKnownFileType = sourcecode.swift; path = CrummyMapUITests.swift; sourceTree = "<group>"; };
		070C37F62697160E00AD9BE9 /* Info.plist */ = {isa = PBXFileReference; lastKnownFileType = text.plist.xml; path = Info.plist; sourceTree = "<group>"; };
		070C381926971BE000AD9BE9 /* PlaceDetailView.swift */ = {isa = PBXFileReference; lastKnownFileType = sourcecode.swift; path = PlaceDetailView.swift; sourceTree = "<group>"; };
		070C38242697230600AD9BE9 /* APIClient.swift */ = {isa = PBXFileReference; lastKnownFileType = sourcecode.swift; path = APIClient.swift; sourceTree = "<group>"; };
		070C382D2697232300AD9BE9 /* APIClientProtocol.swift */ = {isa = PBXFileReference; lastKnownFileType = sourcecode.swift; path = APIClientProtocol.swift; sourceTree = "<group>"; };
		070C38352697234000AD9BE9 /* APIResponse.swift */ = {isa = PBXFileReference; lastKnownFileType = sourcecode.swift; path = APIResponse.swift; sourceTree = "<group>"; };
		070C383A2697234B00AD9BE9 /* APIError.swift */ = {isa = PBXFileReference; lastKnownFileType = sourcecode.swift; path = APIError.swift; sourceTree = "<group>"; };
		070C383F269723D400AD9BE9 /* APIDecoder.swift */ = {isa = PBXFileReference; lastKnownFileType = sourcecode.swift; path = APIDecoder.swift; sourceTree = "<group>"; };
		070C38452697243400AD9BE9 /* Place.swift */ = {isa = PBXFileReference; lastKnownFileType = sourcecode.swift; path = Place.swift; sourceTree = "<group>"; };
		070C384A2697246D00AD9BE9 /* Localizable.strings */ = {isa = PBXFileReference; lastKnownFileType = text.plist.strings; path = Localizable.strings; sourceTree = "<group>"; };
		070C38502697249900AD9BE9 /* String+Extensions.swift */ = {isa = PBXFileReference; lastKnownFileType = sourcecode.swift; path = "String+Extensions.swift"; sourceTree = "<group>"; };
		070C3859269725E900AD9BE9 /* PlacesListViewModel.swift */ = {isa = PBXFileReference; lastKnownFileType = sourcecode.swift; path = PlacesListViewModel.swift; sourceTree = "<group>"; };
		070C386226972C4B00AD9BE9 /* SearchBar.swift */ = {isa = PBXFileReference; lastKnownFileType = sourcecode.swift; path = SearchBar.swift; sourceTree = "<group>"; };
		070C386A26972CE000AD9BE9 /* UIApplication+Extensions.swift */ = {isa = PBXFileReference; lastKnownFileType = sourcecode.swift; path = "UIApplication+Extensions.swift"; sourceTree = "<group>"; };
		070C386F26972CF600AD9BE9 /* Image+Extensions.swift */ = {isa = PBXFileReference; lastKnownFileType = sourcecode.swift; path = "Image+Extensions.swift"; sourceTree = "<group>"; };
		070C387A26973A7200AD9BE9 /* MKCoordinateRegion+Extensions.swift */ = {isa = PBXFileReference; lastKnownFileType = sourcecode.swift; path = "MKCoordinateRegion+Extensions.swift"; sourceTree = "<group>"; };
		070C3882269740B400AD9BE9 /* CLLocationCoordinate2D+Extensions.swift */ = {isa = PBXFileReference; lastKnownFileType = sourcecode.swift; path = "CLLocationCoordinate2D+Extensions.swift"; sourceTree = "<group>"; };
		07B7919C2697602100CCEA3D /* TextFieldObserver.swift */ = {isa = PBXFileReference; lastKnownFileType = sourcecode.swift; path = TextFieldObserver.swift; sourceTree = "<group>"; };
/* End PBXFileReference section */

/* Begin PBXFrameworksBuildPhase section */
		070C37D12697160D00AD9BE9 /* Frameworks */ = {
			isa = PBXFrameworksBuildPhase;
			buildActionMask = 2147483647;
			files = (
			);
			runOnlyForDeploymentPostprocessing = 0;
		};
		070C37E22697160E00AD9BE9 /* Frameworks */ = {
			isa = PBXFrameworksBuildPhase;
			buildActionMask = 2147483647;
			files = (
			);
			runOnlyForDeploymentPostprocessing = 0;
		};
		070C37ED2697160E00AD9BE9 /* Frameworks */ = {
			isa = PBXFrameworksBuildPhase;
			buildActionMask = 2147483647;
			files = (
			);
			runOnlyForDeploymentPostprocessing = 0;
		};
/* End PBXFrameworksBuildPhase section */

/* Begin PBXGroup section */
		070C37CB2697160D00AD9BE9 = {
			isa = PBXGroup;
			children = (
				070C37D62697160D00AD9BE9 /* CrummyMap */,
				070C37E82697160E00AD9BE9 /* CrummyMapTests */,
				070C37F32697160E00AD9BE9 /* CrummyMapUITests */,
				070C37D52697160D00AD9BE9 /* Products */,
			);
			sourceTree = "<group>";
		};
		070C37D52697160D00AD9BE9 /* Products */ = {
			isa = PBXGroup;
			children = (
				070C37D42697160D00AD9BE9 /* CrummyMap.app */,
				070C37E52697160E00AD9BE9 /* CrummyMapTests.xctest */,
				070C37F02697160E00AD9BE9 /* CrummyMapUITests.xctest */,
			);
			name = Products;
			sourceTree = "<group>";
		};
		070C37D62697160D00AD9BE9 /* CrummyMap */ = {
			isa = PBXGroup;
			children = (
				070C3822269722EA00AD9BE9 /* API */,
				070C384F2697248700AD9BE9 /* Extensions */,
				07B7919B2697601600CCEA3D /* Helpers */,
				070C38442697242700AD9BE9 /* Models */,
				070C3808269716FC00AD9BE9 /* SupportingFiles */,
				070C3858269725BB00AD9BE9 /* ViewModels */,
				070C38092697170300AD9BE9 /* Views */,
			);
			path = CrummyMap;
			sourceTree = "<group>";
		};
		070C37DD2697160D00AD9BE9 /* Preview Content */ = {
			isa = PBXGroup;
			children = (
				070C37DE2697160D00AD9BE9 /* Preview Assets.xcassets */,
			);
			path = "Preview Content";
			sourceTree = "<group>";
		};
		070C37E82697160E00AD9BE9 /* CrummyMapTests */ = {
			isa = PBXGroup;
			children = (
				070C37E92697160E00AD9BE9 /* CrummyMapTests.swift */,
				070C37EB2697160E00AD9BE9 /* Info.plist */,
			);
			path = CrummyMapTests;
			sourceTree = "<group>";
		};
		070C37F32697160E00AD9BE9 /* CrummyMapUITests */ = {
			isa = PBXGroup;
			children = (
				070C37F42697160E00AD9BE9 /* CrummyMapUITests.swift */,
				070C37F62697160E00AD9BE9 /* Info.plist */,
			);
			path = CrummyMapUITests;
			sourceTree = "<group>";
		};
		070C3808269716FC00AD9BE9 /* SupportingFiles */ = {
			isa = PBXGroup;
			children = (
				070C37E02697160D00AD9BE9 /* Info.plist */,
				070C384A2697246D00AD9BE9 /* Localizable.strings */,
				070C37D72697160D00AD9BE9 /* CrummyMapApp.swift */,
				070C37DB2697160D00AD9BE9 /* Assets.xcassets */,
				070C37DD2697160D00AD9BE9 /* Preview Content */,
			);
			path = SupportingFiles;
			sourceTree = "<group>";
		};
		070C38092697170300AD9BE9 /* Views */ = {
			isa = PBXGroup;
			children = (
				070C381926971BE000AD9BE9 /* PlaceDetailView.swift */,
				070C37D92697160D00AD9BE9 /* PlacesListView.swift */,
				070C386126972C3D00AD9BE9 /* Components */,
			);
			path = Views;
			sourceTree = "<group>";
		};
		070C3822269722EA00AD9BE9 /* API */ = {
			isa = PBXGroup;
			children = (
				070C38242697230600AD9BE9 /* APIClient.swift */,
				070C383F269723D400AD9BE9 /* APIDecoder.swift */,
				070C383A2697234B00AD9BE9 /* APIError.swift */,
				070C38352697234000AD9BE9 /* APIResponse.swift */,
				070C382C2697231800AD9BE9 /* Protocols */,
			);
			path = API;
			sourceTree = "<group>";
		};
		070C382C2697231800AD9BE9 /* Protocols */ = {
			isa = PBXGroup;
			children = (
				070C382D2697232300AD9BE9 /* APIClientProtocol.swift */,
			);
			path = Protocols;
			sourceTree = "<group>";
		};
		070C38442697242700AD9BE9 /* Models */ = {
			isa = PBXGroup;
			children = (
				070C38452697243400AD9BE9 /* Place.swift */,
			);
			path = Models;
			sourceTree = "<group>";
		};
		070C384F2697248700AD9BE9 /* Extensions */ = {
			isa = PBXGroup;
			children = (
				070C3882269740B400AD9BE9 /* CLLocationCoordinate2D+Extensions.swift */,
				070C386F26972CF600AD9BE9 /* Image+Extensions.swift */,
				070C387A26973A7200AD9BE9 /* MKCoordinateRegion+Extensions.swift */,
				070C38502697249900AD9BE9 /* String+Extensions.swift */,
				070C386A26972CE000AD9BE9 /* UIApplication+Extensions.swift */,
			);
			path = Extensions;
			sourceTree = "<group>";
		};
		070C3858269725BB00AD9BE9 /* ViewModels */ = {
			isa = PBXGroup;
			children = (
				070C3859269725E900AD9BE9 /* PlacesListViewModel.swift */,
			);
			path = ViewModels;
			sourceTree = "<group>";
		};
		070C386126972C3D00AD9BE9 /* Components */ = {
			isa = PBXGroup;
			children = (
				070C386226972C4B00AD9BE9 /* SearchBar.swift */,
			);
			path = Components;
			sourceTree = "<group>";
		};
		07B7919B2697601600CCEA3D /* Helpers */ = {
			isa = PBXGroup;
			children = (
				07B7919C2697602100CCEA3D /* TextFieldObserver.swift */,
			);
			path = Helpers;
			sourceTree = "<group>";
		};
/* End PBXGroup section */

/* Begin PBXNativeTarget section */
		070C37D32697160D00AD9BE9 /* CrummyMap */ = {
			isa = PBXNativeTarget;
			buildConfigurationList = 070C37F92697160E00AD9BE9 /* Build configuration list for PBXNativeTarget "CrummyMap" */;
			buildPhases = (
				070C37D02697160D00AD9BE9 /* Sources */,
				070C37D12697160D00AD9BE9 /* Frameworks */,
				070C37D22697160D00AD9BE9 /* Resources */,
			);
			buildRules = (
			);
			dependencies = (
			);
			name = CrummyMap;
			productName = CrummyMap;
			productReference = 070C37D42697160D00AD9BE9 /* CrummyMap.app */;
			productType = "com.apple.product-type.application";
		};
		070C37E42697160E00AD9BE9 /* CrummyMapTests */ = {
			isa = PBXNativeTarget;
			buildConfigurationList = 070C37FC2697160E00AD9BE9 /* Build configuration list for PBXNativeTarget "CrummyMapTests" */;
			buildPhases = (
				070C37E12697160E00AD9BE9 /* Sources */,
				070C37E22697160E00AD9BE9 /* Frameworks */,
				070C37E32697160E00AD9BE9 /* Resources */,
			);
			buildRules = (
			);
			dependencies = (
				070C37E72697160E00AD9BE9 /* PBXTargetDependency */,
			);
			name = CrummyMapTests;
			productName = CrummyMapTests;
			productReference = 070C37E52697160E00AD9BE9 /* CrummyMapTests.xctest */;
			productType = "com.apple.product-type.bundle.unit-test";
		};
		070C37EF2697160E00AD9BE9 /* CrummyMapUITests */ = {
			isa = PBXNativeTarget;
			buildConfigurationList = 070C37FF2697160E00AD9BE9 /* Build configuration list for PBXNativeTarget "CrummyMapUITests" */;
			buildPhases = (
				070C37EC2697160E00AD9BE9 /* Sources */,
				070C37ED2697160E00AD9BE9 /* Frameworks */,
				070C37EE2697160E00AD9BE9 /* Resources */,
			);
			buildRules = (
			);
			dependencies = (
				070C37F22697160E00AD9BE9 /* PBXTargetDependency */,
			);
			name = CrummyMapUITests;
			productName = CrummyMapUITests;
			productReference = 070C37F02697160E00AD9BE9 /* CrummyMapUITests.xctest */;
			productType = "com.apple.product-type.bundle.ui-testing";
		};
/* End PBXNativeTarget section */

/* Begin PBXProject section */
		070C37CC2697160D00AD9BE9 /* Project object */ = {
			isa = PBXProject;
			attributes = {
				LastSwiftUpdateCheck = 1240;
				LastUpgradeCheck = 1240;
				TargetAttributes = {
					070C37D32697160D00AD9BE9 = {
						CreatedOnToolsVersion = 12.4;
					};
					070C37E42697160E00AD9BE9 = {
						CreatedOnToolsVersion = 12.4;
						TestTargetID = 070C37D32697160D00AD9BE9;
					};
					070C37EF2697160E00AD9BE9 = {
						CreatedOnToolsVersion = 12.4;
						TestTargetID = 070C37D32697160D00AD9BE9;
					};
				};
			};
			buildConfigurationList = 070C37CF2697160D00AD9BE9 /* Build configuration list for PBXProject "CrummyMap" */;
			compatibilityVersion = "Xcode 9.3";
			developmentRegion = en;
			hasScannedForEncodings = 0;
			knownRegions = (
				en,
				Base,
			);
			mainGroup = 070C37CB2697160D00AD9BE9;
			productRefGroup = 070C37D52697160D00AD9BE9 /* Products */;
			projectDirPath = "";
			projectRoot = "";
			targets = (
				070C37D32697160D00AD9BE9 /* CrummyMap */,
				070C37E42697160E00AD9BE9 /* CrummyMapTests */,
				070C37EF2697160E00AD9BE9 /* CrummyMapUITests */,
			);
		};
/* End PBXProject section */

/* Begin PBXResourcesBuildPhase section */
		070C37D22697160D00AD9BE9 /* Resources */ = {
			isa = PBXResourcesBuildPhase;
			buildActionMask = 2147483647;
			files = (
				070C37DF2697160D00AD9BE9 /* Preview Assets.xcassets in Resources */,
				070C384B2697246D00AD9BE9 /* Localizable.strings in Resources */,
				070C37DC2697160D00AD9BE9 /* Assets.xcassets in Resources */,
			);
			runOnlyForDeploymentPostprocessing = 0;
		};
		070C37E32697160E00AD9BE9 /* Resources */ = {
			isa = PBXResourcesBuildPhase;
			buildActionMask = 2147483647;
			files = (
			);
			runOnlyForDeploymentPostprocessing = 0;
		};
		070C37EE2697160E00AD9BE9 /* Resources */ = {
			isa = PBXResourcesBuildPhase;
			buildActionMask = 2147483647;
			files = (
			);
			runOnlyForDeploymentPostprocessing = 0;
		};
/* End PBXResourcesBuildPhase section */

/* Begin PBXSourcesBuildPhase section */
		070C37D02697160D00AD9BE9 /* Sources */ = {
			isa = PBXSourcesBuildPhase;
			buildActionMask = 2147483647;
			files = (
				070C38512697249900AD9BE9 /* String+Extensions.swift in Sources */,
				070C37DA2697160D00AD9BE9 /* PlacesListView.swift in Sources */,
				070C381A26971BE000AD9BE9 /* PlaceDetailView.swift in Sources */,
				07B7919D2697602100CCEA3D /* TextFieldObserver.swift in Sources */,
				070C387026972CF600AD9BE9 /* Image+Extensions.swift in Sources */,
				070C387B26973A7200AD9BE9 /* MKCoordinateRegion+Extensions.swift in Sources */,
				070C382E2697232300AD9BE9 /* APIClientProtocol.swift in Sources */,
				070C3883269740B400AD9BE9 /* CLLocationCoordinate2D+Extensions.swift in Sources */,
				070C386B26972CE000AD9BE9 /* UIApplication+Extensions.swift in Sources */,
				070C3840269723D400AD9BE9 /* APIDecoder.swift in Sources */,
				070C386326972C4B00AD9BE9 /* SearchBar.swift in Sources */,
				070C37D82697160D00AD9BE9 /* CrummyMapApp.swift in Sources */,
				070C385A269725E900AD9BE9 /* PlacesListViewModel.swift in Sources */,
				070C38252697230600AD9BE9 /* APIClient.swift in Sources */,
				070C38462697243400AD9BE9 /* Place.swift in Sources */,
				070C38362697234000AD9BE9 /* APIResponse.swift in Sources */,
				070C383B2697234B00AD9BE9 /* APIError.swift in Sources */,
			);
			runOnlyForDeploymentPostprocessing = 0;
		};
		070C37E12697160E00AD9BE9 /* Sources */ = {
			isa = PBXSourcesBuildPhase;
			buildActionMask = 2147483647;
			files = (
				070C37EA2697160E00AD9BE9 /* CrummyMapTests.swift in Sources */,
			);
			runOnlyForDeploymentPostprocessing = 0;
		};
		070C37EC2697160E00AD9BE9 /* Sources */ = {
			isa = PBXSourcesBuildPhase;
			buildActionMask = 2147483647;
			files = (
				070C37F52697160E00AD9BE9 /* CrummyMapUITests.swift in Sources */,
			);
			runOnlyForDeploymentPostprocessing = 0;
		};
/* End PBXSourcesBuildPhase section */

/* Begin PBXTargetDependency section */
		070C37E72697160E00AD9BE9 /* PBXTargetDependency */ = {
			isa = PBXTargetDependency;
			target = 070C37D32697160D00AD9BE9 /* CrummyMap */;
			targetProxy = 070C37E62697160E00AD9BE9 /* PBXContainerItemProxy */;
		};
		070C37F22697160E00AD9BE9 /* PBXTargetDependency */ = {
			isa = PBXTargetDependency;
			target = 070C37D32697160D00AD9BE9 /* CrummyMap */;
			targetProxy = 070C37F12697160E00AD9BE9 /* PBXContainerItemProxy */;
		};
/* End PBXTargetDependency section */

/* Begin XCBuildConfiguration section */
		070C37F72697160E00AD9BE9 /* Debug */ = {
			isa = XCBuildConfiguration;
			buildSettings = {
				ALWAYS_SEARCH_USER_PATHS = NO;
				CLANG_ANALYZER_NONNULL = YES;
				CLANG_ANALYZER_NUMBER_OBJECT_CONVERSION = YES_AGGRESSIVE;
				CLANG_CXX_LANGUAGE_STANDARD = "gnu++14";
				CLANG_CXX_LIBRARY = "libc++";
				CLANG_ENABLE_MODULES = YES;
				CLANG_ENABLE_OBJC_ARC = YES;
				CLANG_ENABLE_OBJC_WEAK = YES;
				CLANG_WARN_BLOCK_CAPTURE_AUTORELEASING = YES;
				CLANG_WARN_BOOL_CONVERSION = YES;
				CLANG_WARN_COMMA = YES;
				CLANG_WARN_CONSTANT_CONVERSION = YES;
				CLANG_WARN_DEPRECATED_OBJC_IMPLEMENTATIONS = YES;
				CLANG_WARN_DIRECT_OBJC_ISA_USAGE = YES_ERROR;
				CLANG_WARN_DOCUMENTATION_COMMENTS = YES;
				CLANG_WARN_EMPTY_BODY = YES;
				CLANG_WARN_ENUM_CONVERSION = YES;
				CLANG_WARN_INFINITE_RECURSION = YES;
				CLANG_WARN_INT_CONVERSION = YES;
				CLANG_WARN_NON_LITERAL_NULL_CONVERSION = YES;
				CLANG_WARN_OBJC_IMPLICIT_RETAIN_SELF = YES;
				CLANG_WARN_OBJC_LITERAL_CONVERSION = YES;
				CLANG_WARN_OBJC_ROOT_CLASS = YES_ERROR;
				CLANG_WARN_QUOTED_INCLUDE_IN_FRAMEWORK_HEADER = YES;
				CLANG_WARN_RANGE_LOOP_ANALYSIS = YES;
				CLANG_WARN_STRICT_PROTOTYPES = YES;
				CLANG_WARN_SUSPICIOUS_MOVE = YES;
				CLANG_WARN_UNGUARDED_AVAILABILITY = YES_AGGRESSIVE;
				CLANG_WARN_UNREACHABLE_CODE = YES;
				CLANG_WARN__DUPLICATE_METHOD_MATCH = YES;
				COPY_PHASE_STRIP = NO;
				DEBUG_INFORMATION_FORMAT = dwarf;
				ENABLE_STRICT_OBJC_MSGSEND = YES;
				ENABLE_TESTABILITY = YES;
				GCC_C_LANGUAGE_STANDARD = gnu11;
				GCC_DYNAMIC_NO_PIC = NO;
				GCC_NO_COMMON_BLOCKS = YES;
				GCC_OPTIMIZATION_LEVEL = 0;
				GCC_PREPROCESSOR_DEFINITIONS = (
					"DEBUG=1",
					"$(inherited)",
				);
				GCC_WARN_64_TO_32_BIT_CONVERSION = YES;
				GCC_WARN_ABOUT_RETURN_TYPE = YES_ERROR;
				GCC_WARN_UNDECLARED_SELECTOR = YES;
				GCC_WARN_UNINITIALIZED_AUTOS = YES_AGGRESSIVE;
				GCC_WARN_UNUSED_FUNCTION = YES;
				GCC_WARN_UNUSED_VARIABLE = YES;
				IPHONEOS_DEPLOYMENT_TARGET = 14.4;
				MTL_ENABLE_DEBUG_INFO = INCLUDE_SOURCE;
				MTL_FAST_MATH = YES;
				ONLY_ACTIVE_ARCH = YES;
				SDKROOT = iphoneos;
				SWIFT_ACTIVE_COMPILATION_CONDITIONS = DEBUG;
				SWIFT_OPTIMIZATION_LEVEL = "-Onone";
			};
			name = Debug;
		};
		070C37F82697160E00AD9BE9 /* Release */ = {
			isa = XCBuildConfiguration;
			buildSettings = {
				ALWAYS_SEARCH_USER_PATHS = NO;
				CLANG_ANALYZER_NONNULL = YES;
				CLANG_ANALYZER_NUMBER_OBJECT_CONVERSION = YES_AGGRESSIVE;
				CLANG_CXX_LANGUAGE_STANDARD = "gnu++14";
				CLANG_CXX_LIBRARY = "libc++";
				CLANG_ENABLE_MODULES = YES;
				CLANG_ENABLE_OBJC_ARC = YES;
				CLANG_ENABLE_OBJC_WEAK = YES;
				CLANG_WARN_BLOCK_CAPTURE_AUTORELEASING = YES;
				CLANG_WARN_BOOL_CONVERSION = YES;
				CLANG_WARN_COMMA = YES;
				CLANG_WARN_CONSTANT_CONVERSION = YES;
				CLANG_WARN_DEPRECATED_OBJC_IMPLEMENTATIONS = YES;
				CLANG_WARN_DIRECT_OBJC_ISA_USAGE = YES_ERROR;
				CLANG_WARN_DOCUMENTATION_COMMENTS = YES;
				CLANG_WARN_EMPTY_BODY = YES;
				CLANG_WARN_ENUM_CONVERSION = YES;
				CLANG_WARN_INFINITE_RECURSION = YES;
				CLANG_WARN_INT_CONVERSION = YES;
				CLANG_WARN_NON_LITERAL_NULL_CONVERSION = YES;
				CLANG_WARN_OBJC_IMPLICIT_RETAIN_SELF = YES;
				CLANG_WARN_OBJC_LITERAL_CONVERSION = YES;
				CLANG_WARN_OBJC_ROOT_CLASS = YES_ERROR;
				CLANG_WARN_QUOTED_INCLUDE_IN_FRAMEWORK_HEADER = YES;
				CLANG_WARN_RANGE_LOOP_ANALYSIS = YES;
				CLANG_WARN_STRICT_PROTOTYPES = YES;
				CLANG_WARN_SUSPICIOUS_MOVE = YES;
				CLANG_WARN_UNGUARDED_AVAILABILITY = YES_AGGRESSIVE;
				CLANG_WARN_UNREACHABLE_CODE = YES;
				CLANG_WARN__DUPLICATE_METHOD_MATCH = YES;
				COPY_PHASE_STRIP = NO;
				DEBUG_INFORMATION_FORMAT = "dwarf-with-dsym";
				ENABLE_NS_ASSERTIONS = NO;
				ENABLE_STRICT_OBJC_MSGSEND = YES;
				GCC_C_LANGUAGE_STANDARD = gnu11;
				GCC_NO_COMMON_BLOCKS = YES;
				GCC_WARN_64_TO_32_BIT_CONVERSION = YES;
				GCC_WARN_ABOUT_RETURN_TYPE = YES_ERROR;
				GCC_WARN_UNDECLARED_SELECTOR = YES;
				GCC_WARN_UNINITIALIZED_AUTOS = YES_AGGRESSIVE;
				GCC_WARN_UNUSED_FUNCTION = YES;
				GCC_WARN_UNUSED_VARIABLE = YES;
				IPHONEOS_DEPLOYMENT_TARGET = 14.4;
				MTL_ENABLE_DEBUG_INFO = NO;
				MTL_FAST_MATH = YES;
				SDKROOT = iphoneos;
				SWIFT_COMPILATION_MODE = wholemodule;
				SWIFT_OPTIMIZATION_LEVEL = "-O";
				VALIDATE_PRODUCT = YES;
			};
			name = Release;
		};
		070C37FA2697160E00AD9BE9 /* Debug */ = {
			isa = XCBuildConfiguration;
			buildSettings = {
				ASSETCATALOG_COMPILER_APPICON_NAME = AppIcon;
				ASSETCATALOG_COMPILER_GLOBAL_ACCENT_COLOR_NAME = AccentColor;
				CODE_SIGN_STYLE = Automatic;
				DEVELOPMENT_ASSET_PATHS = "\"CrummyMap/SupportingFiles/Preview Content\"";
				DEVELOPMENT_TEAM = 2ZW86QRWD4;
				ENABLE_PREVIEWS = YES;
				INFOPLIST_FILE = CrummyMap/SupportingFiles/Info.plist;
				IPHONEOS_DEPLOYMENT_TARGET = 14.0;
				LD_RUNPATH_SEARCH_PATHS = (
					"$(inherited)",
					"@executable_path/Frameworks",
				);
				PRODUCT_BUNDLE_IDENTIFIER = lucas.tomasi.CrummyMap;
				PRODUCT_NAME = "$(TARGET_NAME)";
				SWIFT_VERSION = 5.0;
				TARGETED_DEVICE_FAMILY = "1,2";
			};
			name = Debug;
		};
		070C37FB2697160E00AD9BE9 /* Release */ = {
			isa = XCBuildConfiguration;
			buildSettings = {
				ASSETCATALOG_COMPILER_APPICON_NAME = AppIcon;
				ASSETCATALOG_COMPILER_GLOBAL_ACCENT_COLOR_NAME = AccentColor;
				CODE_SIGN_STYLE = Automatic;
				DEVELOPMENT_ASSET_PATHS = "\"CrummyMap/SupportingFiles/Preview Content\"";
				DEVELOPMENT_TEAM = 2ZW86QRWD4;
				ENABLE_PREVIEWS = YES;
				INFOPLIST_FILE = CrummyMap/SupportingFiles/Info.plist;
				IPHONEOS_DEPLOYMENT_TARGET = 14.0;
				LD_RUNPATH_SEARCH_PATHS = (
					"$(inherited)",
					"@executable_path/Frameworks",
				);
				PRODUCT_BUNDLE_IDENTIFIER = lucas.tomasi.CrummyMap;
				PRODUCT_NAME = "$(TARGET_NAME)";
				SWIFT_VERSION = 5.0;
				TARGETED_DEVICE_FAMILY = "1,2";
			};
			name = Release;
		};
		070C37FD2697160E00AD9BE9 /* Debug */ = {
			isa = XCBuildConfiguration;
			buildSettings = {
				ALWAYS_EMBED_SWIFT_STANDARD_LIBRARIES = YES;
				BUNDLE_LOADER = "$(TEST_HOST)";
				CODE_SIGN_STYLE = Automatic;
				DEVELOPMENT_TEAM = 2ZW86QRWD4;
				INFOPLIST_FILE = CrummyMapTests/Info.plist;
				IPHONEOS_DEPLOYMENT_TARGET = 14.0;
				LD_RUNPATH_SEARCH_PATHS = (
					"$(inherited)",
					"@executable_path/Frameworks",
					"@loader_path/Frameworks",
				);
				PRODUCT_BUNDLE_IDENTIFIER = lucas.tomasi.CrummyMapTests;
				PRODUCT_NAME = "$(TARGET_NAME)";
				SWIFT_VERSION = 5.0;
				TARGETED_DEVICE_FAMILY = "1,2";
				TEST_HOST = "$(BUILT_PRODUCTS_DIR)/CrummyMap.app/CrummyMap";
			};
			name = Debug;
		};
		070C37FE2697160E00AD9BE9 /* Release */ = {
			isa = XCBuildConfiguration;
			buildSettings = {
				ALWAYS_EMBED_SWIFT_STANDARD_LIBRARIES = YES;
				BUNDLE_LOADER = "$(TEST_HOST)";
				CODE_SIGN_STYLE = Automatic;
				DEVELOPMENT_TEAM = 2ZW86QRWD4;
				INFOPLIST_FILE = CrummyMapTests/Info.plist;
				IPHONEOS_DEPLOYMENT_TARGET = 14.0;
				LD_RUNPATH_SEARCH_PATHS = (
					"$(inherited)",
					"@executable_path/Frameworks",
					"@loader_path/Frameworks",
				);
				PRODUCT_BUNDLE_IDENTIFIER = lucas.tomasi.CrummyMapTests;
				PRODUCT_NAME = "$(TARGET_NAME)";
				SWIFT_VERSION = 5.0;
				TARGETED_DEVICE_FAMILY = "1,2";
				TEST_HOST = "$(BUILT_PRODUCTS_DIR)/CrummyMap.app/CrummyMap";
			};
			name = Release;
		};
		070C38002697160E00AD9BE9 /* Debug */ = {
			isa = XCBuildConfiguration;
			buildSettings = {
				ALWAYS_EMBED_SWIFT_STANDARD_LIBRARIES = YES;
				CODE_SIGN_STYLE = Automatic;
				DEVELOPMENT_TEAM = 2ZW86QRWD4;
				INFOPLIST_FILE = CrummyMapUITests/Info.plist;
				LD_RUNPATH_SEARCH_PATHS = (
					"$(inherited)",
					"@executable_path/Frameworks",
					"@loader_path/Frameworks",
				);
				PRODUCT_BUNDLE_IDENTIFIER = lucas.tomasi.CrummyMapUITests;
				PRODUCT_NAME = "$(TARGET_NAME)";
				SWIFT_VERSION = 5.0;
				TARGETED_DEVICE_FAMILY = "1,2";
				TEST_TARGET_NAME = CrummyMap;
			};
			name = Debug;
		};
		070C38012697160E00AD9BE9 /* Release */ = {
			isa = XCBuildConfiguration;
			buildSettings = {
				ALWAYS_EMBED_SWIFT_STANDARD_LIBRARIES = YES;
				CODE_SIGN_STYLE = Automatic;
				DEVELOPMENT_TEAM = 2ZW86QRWD4;
				INFOPLIST_FILE = CrummyMapUITests/Info.plist;
				LD_RUNPATH_SEARCH_PATHS = (
					"$(inherited)",
					"@executable_path/Frameworks",
					"@loader_path/Frameworks",
				);
				PRODUCT_BUNDLE_IDENTIFIER = lucas.tomasi.CrummyMapUITests;
				PRODUCT_NAME = "$(TARGET_NAME)";
				SWIFT_VERSION = 5.0;
				TARGETED_DEVICE_FAMILY = "1,2";
				TEST_TARGET_NAME = CrummyMap;
			};
			name = Release;
		};
/* End XCBuildConfiguration section */

/* Begin XCConfigurationList section */
		070C37CF2697160D00AD9BE9 /* Build configuration list for PBXProject "CrummyMap" */ = {
			isa = XCConfigurationList;
			buildConfigurations = (
				070C37F72697160E00AD9BE9 /* Debug */,
				070C37F82697160E00AD9BE9 /* Release */,
			);
			defaultConfigurationIsVisible = 0;
			defaultConfigurationName = Release;
		};
		070C37F92697160E00AD9BE9 /* Build configuration list for PBXNativeTarget "CrummyMap" */ = {
			isa = XCConfigurationList;
			buildConfigurations = (
				070C37FA2697160E00AD9BE9 /* Debug */,
				070C37FB2697160E00AD9BE9 /* Release */,
			);
			defaultConfigurationIsVisible = 0;
			defaultConfigurationName = Release;
		};
		070C37FC2697160E00AD9BE9 /* Build configuration list for PBXNativeTarget "CrummyMapTests" */ = {
			isa = XCConfigurationList;
			buildConfigurations = (
				070C37FD2697160E00AD9BE9 /* Debug */,
				070C37FE2697160E00AD9BE9 /* Release */,
			);
			defaultConfigurationIsVisible = 0;
			defaultConfigurationName = Release;
		};
		070C37FF2697160E00AD9BE9 /* Build configuration list for PBXNativeTarget "CrummyMapUITests" */ = {
			isa = XCConfigurationList;
			buildConfigurations = (
				070C38002697160E00AD9BE9 /* Debug */,
				070C38012697160E00AD9BE9 /* Release */,
			);
			defaultConfigurationIsVisible = 0;
			defaultConfigurationName = Release;
		};
/* End XCConfigurationList section */
	};
	rootObject = 070C37CC2697160D00AD9BE9 /* Project object */;
}
